
Microsoft Visual Studio Solution File, Format Version 12.00
# Visual Studio Version 17
VisualStudioVersion = 17.14.36414.22 d17.14
MinimumVisualStudioVersion = 10.0.40219.1
Project("{8BC9CEB8-8B4A-11D0-8D11-00A0C91BC942}") = "Project09_test", "Project09_test\Project09_test.vcxproj", "{84DD9814-0CD7-4AA0-9F17-FD7DF27FD4A1}"
EndProject
Global
	GlobalSection(SolutionConfigurationPlatforms) = preSolution
		Debug|x64 = Debug|x64
		Debug|x86 = Debug|x86
		Release|x64 = Release|x64
		Release|x86 = Release|x86
	EndGlobalSection
	GlobalSection(ProjectConfigurationPlatforms) = postSolution
		{84DD9814-0CD7-4AA0-9F17-FD7DF27FD4A1}.Debug|x64.ActiveCfg = Debug|x64
		{84DD9814-0CD7-4AA0-9F17-FD7DF27FD4A1}.Debug|x64.Build.0 = Debug|x64
		{84DD9814-0CD7-4AA0-9F17-FD7DF27FD4A1}.Debug|x86.ActiveCfg = Debug|Win32
		{84DD9814-0CD7-4AA0-9F17-FD7DF27FD4A1}.Debug|x86.Build.0 = Debug|Win32
		{84DD9814-0CD7-4AA0-9F17-FD7DF27FD4A1}.Release|x64.ActiveCfg = Release|x64
		{84DD9814-0CD7-4AA0-9F17-FD7DF27FD4A1}.Release|x64.Build.0 = Release|x64
		{84DD9814-0CD7-4AA0-9F17-FD7DF27FD4A1}.Release|x86.ActiveCfg = Release|Win32
		{84DD9814-0CD7-4AA0-9F17-FD7DF27FD4A1}.Release|x86.Build.0 = Release|Win32
	EndGlobalSection
	GlobalSection(SolutionProperties) = preSolution
		HideSolutionNode = FALSE
	EndGlobalSection
	GlobalSection(ExtensibilityGlobals) = postSolution
		SolutionGuid = {61C26821-1AEE-4BE0-AFD9-3A958A79258C}
	EndGlobalSection
EndGlobal
